version = 1
revision = 3
requires-python = ">=3.10"

[[package]]
name = "adafruit-blinka"
version = "9.1.0"
source = { registry = "https://pypi.org/simple" }
dependencies = [
    { name = "adafruit-circuitpython-typing" },
    { name = "adafruit-platformdetect" },
    { name = "adafruit-pureio" },
    { name = "binho-host-adapter" },
    { name = "pyftdi" },
    { name = "sysv-ipc", marker = "platform_machine != 'mips' and sys_platform == 'linux'" },
    { name = "toml", marker = "python_full_version < '3.11'" },
]
sdist = { url = "https://files.pythonhosted.org/packages/a6/43/1addb059d8e589799571718f4c6f7456a3112681c9f92442939d06f67605/adafruit_blinka-9.1.0.tar.gz", hash = "sha256:6d17122358d5f9c4a550eae4f78207ac4c239662236bb37fc646b9f4166e3248", size = 929886, upload-time = "2026-04-21T18:29:55.987Z" }
wheels = [
    { url = "https://files.pythonhosted.org/packages/bb/97/17dac675981730d29b2d583de2aa0a9c2963d6c63f6bdc7eebf2711914ef/adafruit_blinka-9.1.0-py3-none-any.whl", hash = "sha256:6f617d4ebb7c2e14dfe1259c63f21df4a77d1b12d5efd92cf71ae4bf34d21b91", size = 1059892, upload-time = "2026-04-21T18:29:54.24Z" },
]

[[package]]
name = "adafruit-circuitpython-busdevice"
version = "5.2.17"
source = { registry = "https://pypi.org/simple" }
dependencies = [
    { name = "adafruit-blinka" },
    { name = "adafruit-circuitpython-typing" },
]
sdist = { url = "https://files.pythonhosted.org/packages/40/c0/f789bfc16d2e7eed23171f264b961ceb25314ba92d733be5bd47a4ecb23e/adafruit_circuitpython_busdevice-5.2.17.tar.gz", hash = "sha256:01887ba0056d3635536f0bf1e580a2969c67fc2c4c7b42a4093bcf7a3308bc9b", size = 24423, upload-time = "2026-04-23T21:18:13.438Z" }
wheels = [
    { url = "https://files.pythonhosted.org/packages/42/0d/66a4e0fbd7b35107f7dee04fed890f77b83d1da9dd1f7474af2ed21700ea/adafruit_circuitpython_busdevice-5.2.17-py3-none-any.whl", hash = "sha256:5a834fbe0b88b07d20494bec566815da154aa4b1b668e2e665277b34b3578e44", size = 7494, upload-time = "2026-04-23T21:18:12.284Z" },
]

[[package]]
name = "adafruit-circuitpython-connectionmanager"
version = "3.1.8"
source = { registry = "https://pypi.org/simple" }
dependencies = [
    { name = "adafruit-blinka" },
]
sdist = { url = "https://files.pythonhosted.org/packages/a0/29/1653838bc0e5c6119fa2b03edb58b592a2475e7cf99810064a99e5eb8994/adafruit_circuitpython_connectionmanager-3.1.8.tar.gz", hash = "sha256:ce7436d62ac26312fbd2fc7d8f70ab0582a7c7807d7033ae5bd5cb53e4f66f3b", size = 33828, upload-time = "2026-04-23T21:18:42.138Z" }
wheels = [
    { url = "https://files.pythonhosted.org/packages/e4/43/929d17e5dbe0773e3a3c728b12cf1a777ada32639764b09365a1b56703c0/adafruit_circuitpython_connectionmanager-3.1.8-py3-none-any.whl", hash = "sha256:f93e27874a840f728b5cdbb1bcf0aee4e75ed1c0ba46b4562606ac3ac3ea2cca", size = 7755, upload-time = "2026-04-23T21:18:40.984Z" },
]

[[package]]
name = "adafruit-circuitpython-motor"
version = "3.4.20"
source = { registry = "https://pypi.org/simple" }
dependencies = [
    { name = "adafruit-blinka" },
    { name = "adafruit-circuitpython-typing" },
]
sdist = { url = "https://files.pythonhosted.org/packages/82/70/2d16d190ce52476e4d1faea1762ad0ecf3f88909426b415ba588692c6f59/adafruit_circuitpython_motor-3.4.20.tar.gz", hash = "sha256:b141786eb70855fa821e11ba01137a8a0859a23d55ce24817b19f9e6be7c4bd2", size = 31055, upload-time = "2026-04-23T21:23:12.769Z" }
wheels = [
    { url = "https://files.pythonhosted.org/packages/64/c0/13ba2153523b4d01e9861cb5a572e971a91e1c3c4c94da297aad31d19bdb/adafruit_circuitpython_motor-3.4.20-py3-none-any.whl", hash = "sha256:f6deed7e421211050643d793429e84be56e57233ae392fec4610db190a8e42db", size = 10929, upload-time = "2026-04-23T21:23:11.758Z" },
]

[[package]]
name = "adafruit-circuitpython-pca9685"
version = "3.4.22"
source = { registry = "https://pypi.org/simple" }
dependencies = [
    { name = "adafruit-blinka" },
    { name = "adafruit-circuitpython-busdevice" },
    { name = "adafruit-circuitpython-register" },
]
sdist = { url = "https://files.pythonhosted.org/packages/63/2f/823d7079a05396819fc4eff52ee506c1bf8e1795dd041ea1d815043bbca6/adafruit_circuitpython_pca9685-3.4.22.tar.gz", hash = "sha256:a0524af794b1b2f2478b4e41444f415afa2d4e87d17a4bb1b5667eaa8a5c79a3", size = 24973, upload-time = "2026-04-23T21:03:44.506Z" }
wheels = [
    { url = "https://files.pythonhosted.org/packages/2d/39/4dba82570bca8be871f9ce36658fe97f23c332a9d041b159439381f1121f/adafruit_circuitpython_pca9685-3.4.22-py3-none-any.whl", hash = "sha256:5b5b80bf9beb244760cbe0b4cfe1c6c332999aa8288556d1fc71622676103dbb", size = 6015, upload-time = "2026-04-23T21:03:43.577Z" },
]

[[package]]
name = "adafruit-circuitpython-register"
version = "1.11.3"
source = { registry = "https://pypi.org/simple" }
dependencies = [
    { name = "adafruit-blinka" },
    { name = "adafruit-circuitpython-busdevice" },
    { name = "adafruit-circuitpython-typing" },
    { name = "typing-extensions" },
]
sdist = { url = "https://files.pythonhosted.org/packages/c3/68/9eea7a41e92a8c641b3b457925001d5b0d15161f54e2c55effb36f715915/adafruit_circuitpython_register-1.11.3.tar.gz", hash = "sha256:4da69922e5f4fed9842dd90bc2e58848e2bc3ea959cbec788d4fb4b5d41021ae", size = 31696, upload-time = "2026-04-23T21:24:47.875Z" }
wheels = [
    { url = "https://files.pythonhosted.org/packages/90/12/e23f35b7b16d39295c0c63765b1be0342ae33991bb64974a86fcb29a7142/adafruit_circuitpython_register-1.11.3-py3-none-any.whl", hash = "sha256:83b5e9ad1b7afb35330a549ef62fb3ce5cf8e13128ef52fb6eb13f3cd8f2cca6", size = 19009, upload-time = "2026-04-23T21:24:46.961Z" },
]

[[package]]
name = "adafruit-circuitpython-requests"
version = "4.1.17"
source = { registry = "https://pypi.org/simple" }
dependencies = [
    { name = "adafruit-blinka" },
    { name = "adafruit-circuitpython-connectionmanager" },
]
sdist = { url = "https://files.pythonhosted.org/packages/bc/5c/cb31dd0a6e56a92bd9bf672539ba6102204bc443fe9af9a5f8e893b99169/adafruit_circuitpython_requests-4.1.17.tar.gz", hash = "sha256:7259976be340324d34da1ba6f4b935430b46ceece2e5c1632387a24e6f94e9a3", size = 67777, upload-time = "2026-04-23T21:24:48.423Z" }
wheels = [
    { url = "https://files.pythonhosted.org/packages/01/8c/15a2de09cc3c30793336cf79798948768611463ddfb2b2669f51569228fb/adafruit_circuitpython_requests-4.1.17-py3-none-any.whl", hash = "sha256:4c205188a052f52b3bb8ab4af97798d7d56ae3701857d31f03b164f029fae44f", size = 10841, upload-time = "2026-04-23T21:24:47.522Z" },
]

[[package]]
name = "adafruit-circuitpython-servokit"
version = "1.3.24"
source = { registry = "https://pypi.org/simple" }
dependencies = [
    { name = "adafruit-blinka" },
    { name = "adafruit-circuitpython-busdevice" },
    { name = "adafruit-circuitpython-motor" },
    { name = "adafruit-circuitpython-pca9685" },
    { name = "adafruit-circuitpython-register" },
]
sdist = { url = "https://files.pythonhosted.org/packages/be/e5/c3e1ebb578a7dab10eae98a48ed10dc044a02f212607df4324048f11a11c/adafruit_circuitpython_servokit-1.3.24.tar.gz", hash = "sha256:5c75017f91573540db3edde9f4fb09f286e976d49ee5ed0371192841b02aca40", size = 23764, upload-time = "2026-04-23T21:25:13.663Z" }
wheels = [
    { url = "https://files.pythonhosted.org/packages/3f/25/a4ffcd42d97f44b95e64f843819f97efe2d1feb30fcf4e175d154778f764/adafruit_circuitpython_servokit-1.3.24-py3-none-any.whl", hash = "sha256:f75490c5b6d2a2b5e79d7d4258a9b85932d17c0c005cab15ca80a18857b64cc7", size = 5653, upload-time = "2026-04-23T21:25:12.764Z" },
]

[[package]]
name = "adafruit-circuitpython-typing"
version = "1.12.3"
source = { registry = "https://pypi.org/simple" }
dependencies = [
    { name = "adafruit-blinka" },
    { name = "adafruit-circuitpython-busdevice" },
    { name = "adafruit-circuitpython-requests" },
    { name = "typing-extensions" },
]
sdist = { url = "https://files.pythonhosted.org/packages/65/a2/40a3440aed2375371507af668570b68523ee01db9c25c47ce5a05883170e/adafruit_circuitpython_typing-1.12.3.tar.gz", hash = "sha256:63f196f834e47842bcd4cf8c37aaa0c61e1aeb5d07f056c875fc3016cda91a12", size = 25603, upload-time = "2025-10-27T18:17:38.56Z" }
wheels = [
    { url = "https://files.pythonhosted.org/packages/cc/a1/578a03ba2bce0809b4e30974b47958963c9efe67b9fe74e7dbcdbbd45318/adafruit_circuitpython_typing-1.12.3-py3-none-any.whl", hash = "sha256:f6d0a02150e1e4efb5a2c2945b88d948809fdb465875f39947108b8467c986d9", size = 11014, upload-time = "2025-10-27T18:17:37.771Z" },
]

[[package]]
name = "adafruit-platformdetect"
version = "3.89.1"
source = { registry = "https://pypi.org/simple" }
sdist = { url = "https://files.pythonhosted.org/packages/43/9b/96e46cb5eb2cf4119ff4bf0f840221704de29e2eed03976c4b291d483174/adafruit_platformdetect-3.89.1.tar.gz", hash = "sha256:74552d1afcf779a84ca63527a1eaee9995c429ff422db15492bad0c3599cab4b", size = 49753, upload-time = "2026-06-24T18:28:39.069Z" }
wheels = [
    { url = "https://files.pythonhosted.org/packages/ff/0b/193ac7ed72f1ecdf6d4817aab86157f9198ed22e5725f03b9945baad5389/adafruit_platformdetect-3.89.1-py3-none-any.whl", hash = "sha256:d13c206dc37e399cccda953be9b1d3709c549d05be484b1c2da8077043c0beab", size = 27108, upload-time = "2026-06-24T18:28:37.959Z" },
]

[[package]]
name = "adafruit-pureio"
version = "1.1.11"
source = { registry = "https://pypi.org/simple" }
sdist = { url = "https://files.pythonhosted.org/packages/e5/b7/f1672435116822079bbdab42163f9e6424769b7db778873d95d18c085230/Adafruit_PureIO-1.1.11.tar.gz", hash = "sha256:c4cfbb365731942d1f1092a116f47dfdae0aef18c5b27f1072b5824ad5ea8c7c", size = 35511, upload-time = "2023-05-25T19:01:34.654Z" }
wheels = [
    { url = "https://files.pythonhosted.org/packages/19/9d/28e9d12f36e13c5f2acba3098187b0e931290ecd1d8df924391b5ad2db19/Adafruit_PureIO-1.1.11-py3-none-any.whl", hash = "sha256:281ab2099372cc0decc26326918996cbf21b8eed694ec4764d51eefa029d324e", size = 10678, upload-time = "2023-05-25T19:01:32.397Z" },
]

[[package]]
name = "binho-host-adapter"
version = "0.1.6"
source = { registry = "https://pypi.org/simple" }
dependencies = [
    { name = "pyserial" },
]
sdist = { url = "https://files.pythonhosted.org/packages/68/36/29b7b896e83e195fac6d64ccff95c0f24a18ee86e7437a22e60e0331d90a/binho-host-adapter-0.1.6.tar.gz", hash = "sha256:1e6da7a84e208c13b5f489066f05774bff1d593d0f5bf1ca149c2b8e83eae856", size = 10068, upload-time = "2020-06-04T19:38:11.789Z" }
wheels = [
    { url = "https://files.pythonhosted.org/packages/7b/6b/0f13486003aea3eb349c2946b7ec9753e7558b78e35d22c938062a96959c/binho_host_adapter-0.1.6-py3-none-any.whl", hash = "sha256:f71ca176c1e2fc1a5dce128beb286da217555c6c7c805f2ed282a6f3507ec277", size = 10540, upload-time = "2020-06-04T19:38:10.612Z" },
]

[[package]]
name = "colorama"
version = "0.4.6"
source = { registry = "https://pypi.org/simple" }
sdist = { url = "https://files.pythonhosted.org/packages/d8/53/6f443c9a4a8358a93a6792e2acffb9d9d5cb0a5cfd8802644b7b1c9a02e4/colorama-0.4.6.tar.gz", hash = "sha256:08695f5cb7ed6e0531a20572697297273c47b8cae5a63ffc6d6ed5c201be6e44", size = 27697, upload-time = "2022-10-25T02:36:22.414Z" }
wheels = [
    { url = "https://files.pythonhosted.org/packages/d1/d6/3965ed04c63042e047cb6a3e6ed1a63a35087b6a609aa3a15ed8ac56c221/colorama-0.4.6-py2.py3-none-any.whl", hash = "sha256:4f1d9991f5acc0ca119f9d443620b77f9d6b33703e51011c16baf57afb285fc6", size = 25335, upload-time = "2022-10-25T02:36:20.889Z" },
]

[[package]]
name = "exceptiongroup"
version = "1.3.1"
source = { registry = "https://pypi.org/simple" }
dependencies = [
    { name = "typing-extensions", marker = "python_full_version < '3.13'" },
]
sdist = { url = "https://files.pythonhosted.org/packages/50/79/66800aadf48771f6b62f7eb014e352e5d06856655206165d775e675a02c9/exceptiongroup-1.3.1.tar.gz", hash = "sha256:8b412432c6055b0b7d14c310000ae93352ed6754f70fa8f7c34141f91c4e3219", size = 30371, upload-time = "2025-11-21T23:01:54.787Z" }
wheels = [
    { url = "https://files.pythonhosted.org/packages/8a/0e/97c33bf5009bdbac74fd2beace167cab3f978feb69cc36f1ef79360d6c4e/exceptiongroup-1.3.1-py3-none-any.whl", hash = "sha256:a7a39a3bd276781e98394987d3a5701d0c4edffb633bb7a5144577f82c773598", size = 16740, upload-time = "2025-11-21T23:01:53.443Z" },
]

[[package]]
name = "iniconfig"
version = "2.3.0"
source = { registry = "https://pypi.org/simple" }
sdist = { url = "https://files.pythonhosted.org/packages/72/34/14ca021ce8e5dfedc35312d08ba8bf51fdd999c576889fc2c24cb97f4f10/iniconfig-2.3.0.tar.gz", hash = "sha256:c76315c77db068650d49c5b56314774a7804df16fee4402c1f19d6d15d8c4730", size = 20503, upload-time = "2025-10-18T21:55:43.219Z" }
wheels = [
    { url = "https://files.pythonhosted.org/packages/cb/b1/3846dd7f199d53cb17f49cba7e651e9ce294d8497c8c150530ed11865bb8/iniconfig-2.3.0-py3-none-any.whl", hash = "sha256:f631c04d2c48c52b84d0d0549c99ff3859c98df65b3101406327ecc7d53fbf12", size = 7484, upload-time = "2025-10-18T21:55:41.639Z" },
]

[[package]]
name = "packaging"
version = "26.2"
source = { registry = "https://pypi.org/simple" }
sdist = { url = "https://files.pythonhosted.org/packages/d7/f1/e7a6dd94a8d4a5626c03e4e99c87f241ba9e350cd9e6d75123f992427270/packaging-26.2.tar.gz", hash = "sha256:ff452ff5a3e828ce110190feff1178bb1f2ea2281fa2075aadb987c2fb221661", size = 228134, upload-time = "2026-04-24T20:15:23.917Z" }
wheels = [
    { url = "https://files.pythonhosted.org/packages/df/b2/87e62e8c3e2f4b32e5fe99e0b86d576da1312593b39f47d8ceef365e95ed/packaging-26.2-py3-none-any.whl", hash = "sha256:5fc45236b9446107ff2415ce77c807cee2862cb6fac22b8a73826d0693b0980e", size = 100195, upload-time = "2026-04-24T20:15:22.081Z" },
]

[[package]]
name = "pluggy"
version = "1.6.0"
source = { registry = "https://pypi.org/simple" }
sdist = { url = "https://files.pythonhosted.org/packages/f9/e2/3e91f31a7d2b083fe6ef3fa267035b518369d9511ffab804f839851d2779/pluggy-1.6.0.tar.gz", hash = "sha256:7dcc130b76258d33b90f61b658791dede3486c3e6bfb003ee5c9bfb396dd22f3", size = 69412, upload-time = "2025-05-15T12:30:07.975Z" }
wheels = [
    { url = "https://files.pythonhosted.org/packages/54/20/4d324d65cc6d9205fabedc306948156824eb9f0ee1633355a8f7ec5c66bf/pluggy-1.6.0-py3-none-any.whl", hash = "sha256:e920276dd6813095e9377c0bc5566d94c932c33b27a3e3945d8389c374dd4746", size = 20538, upload-time = "2025-05-15T12:30:06.134Z" },
]

[[package]]
name = "pyftdi"
version = "0.57.2"
source = { registry = "https://pypi.org/simple" }
dependencies = [
    { name = "pyserial" },
    { name = "pyusb" },
]
wheels = [
    { url = "https://files.pythonhosted.org/packages/7b/de/260694fa63dab6629c6ba7c2315de64dbd766eb761198b61fba96cbe7ea4/pyftdi-0.57.2-py3-none-any.whl", hash = "sha256:dec3acdc262594d8b1850a6aee608b861c2973f90011faf5cccae3107d3c67a4", size = 146319, upload-time = "2026-06-02T16:14:37.818Z" },
]

[[package]]
name = "pygments"
version = "2.20.0"
source = { registry = "https://pypi.org/simple" }
sdist = { url = "https://files.pythonhosted.org/packages/c3/b2/bc9c9196916376152d655522fdcebac55e66de6603a76a02bca1b6414f6c/pygments-2.20.0.tar.gz", hash = "sha256:6757cd03768053ff99f3039c1a36d6c0aa0b263438fcab17520b30a303a82b5f", size = 4955991, upload-time = "2026-03-29T13:29:33.898Z" }
wheels = [
    { url = "https://files.pythonhosted.org/packages/f4/7e/a72dd26f3b0f4f2bf1dd8923c85f7ceb43172af56d63c7383eb62b332364/pygments-2.20.0-py3-none-any.whl", hash = "sha256:81a9e26dd42fd28a23a2d169d86d7ac03b46e2f8b59ed4698fb4785f946d0176", size = 1231151, upload-time = "2026-03-29T13:29:30.038Z" },
]

[[package]]
name = "pyserial"
version = "3.5"
source = { registry = "https://pypi.org/simple" }
sdist = { url = "https://files.pythonhosted.org/packages/1e/7d/ae3f0a63f41e4d2f6cb66a5b57197850f919f59e558159a4dd3a818f5082/pyserial-3.5.tar.gz", hash = "sha256:3c77e014170dfffbd816e6ffc205e9842efb10be9f58ec16d3e8675b4925cddb", size = 159125, upload-time = "2020-11-23T03:59:15.045Z" }
wheels = [
    { url = "https://files.pythonhosted.org/packages/07/bc/587a445451b253b285629263eb51c2d8e9bcea4fc97826266d186f96f558/pyserial-3.5-py2.py3-none-any.whl", hash = "sha256:c4451db6ba391ca6ca299fb3ec7bae67a5c55dde170964c7a14ceefec02f2cf0", size = 90585, upload-time = "2020-11-23T03:59:13.41Z" },
]

[[package]]
name = "pytest"
version = "9.1.1"
source = { registry = "https://pypi.org/simple" }
dependencies = [
    { name = "colorama", marker = "sys_platform == 'win32'" },
    { name = "exceptiongroup", marker = "python_full_version < '3.11'" },
    { name = "iniconfig" },
    { name = "packaging" },
    { name = "pluggy" },
    { name = "pygments" },
    { name = "tomli", marker = "python_full_version < '3.11'" },
]
sdist = { url = "https://files.pythonhosted.org/packages/e4/47/b9efed96c114afcfa3c9d3fe98a76a1d14c74a9e266d397cf6eb64be5e01/pytest-9.1.1.tar.gz", hash = "sha256:1088fbde8f2b49d95a549a195707afa7a76a3ce9bcadc26b6d71f0ffda5fe313", size = 1636369, upload-time = "2026-06-19T10:58:32.857Z" }
wheels = [
    { url = "https://files.pythonhosted.org/packages/24/25/1de2678b631f5a49215c6c96fff41ba892b0a34df68d6d80292b1b48aa7f/pytest-9.1.1-py3-none-any.whl", hash = "sha256:37a86b45efb9a47a61a36449063e8e18d0cab3161329fc099eb21783169c4f0c", size = 386536, upload-time = "2026-06-19T10:58:31.347Z" },
]

[[package]]
name = "pyusb"
version = "1.3.1"
source = { registry = "https://pypi.org/simple" }
sdist = { url = "https://files.pythonhosted.org/packages/00/6b/ce3727395e52b7b76dfcf0c665e37d223b680b9becc60710d4bc08b7b7cb/pyusb-1.3.1.tar.gz", hash = "sha256:3af070b607467c1c164f49d5b0caabe8ac78dbed9298d703a8dbf9df4052d17e", size = 77281, upload-time = "2025-01-08T23:45:01.866Z" }
wheels = [
    { url = "https://files.pythonhosted.org/packages/28/b8/27e6312e86408a44fe16bd28ee12dd98608b39f7e7e57884a24e8f29b573/pyusb-1.3.1-py3-none-any.whl", hash = "sha256:bf9b754557af4717fe80c2b07cc2b923a9151f5c08d17bdb5345dac09d6a0430", size = 58465, upload-time = "2025-01-08T23:45:00.029Z" },
]

[[package]]
name = "sysv-ipc"
version = "1.2.0"
source = { registry = "https://pypi.org/simple" }
sdist = { url = "https://files.pythonhosted.org/packages/f2/5e/59208c6dd05ebc6f46ce2023c4fc01ffe814a1967d21b35d312c7e6ffeae/sysv_ipc-1.2.0.tar.gz", hash = "sha256:ef96ab33bb62e4d14142f0be0524dcc0c3c70c96442df2fc773c67b7c7514199", size = 102810, upload-time = "2026-01-09T14:05:02.231Z" }
wheels = [
    { url = "https://files.pythonhosted.org/packages/06/a7/5a3705f9564d1f5a9bb946bcca9d249e7b3d4c684d16615413942d0a5ba7/sysv_ipc-1.2.0-cp310-cp310-manylinux2014_aarch64.manylinux_2_17_aarch64.manylinux_2_28_aarch64.whl", hash = "sha256:a24b1b4034f009d32c5d00a5203ed59bab73a91e5a91ffdb14dd3a7df263611e", size = 70900, upload-time = "2026-01-09T14:04:10.289Z" },
    { url = "https://files.pythonhosted.org/packages/ad/de/644d8e78a06ba567031f4e8d1440f9f2214ba1c8f12f600a0cf858cb0bdf/sysv_ipc-1.2.0-cp310-cp310-manylinux2014_x86_64.manylinux_2_17_x86_64.manylinux_2_28_x86_64.whl", hash = "sha256:01a84fb7bdc978d090d88503ea8ccb5ce17b25e615b848d6d5b93fcf4c15bff7", size = 71703, upload-time = "2026-01-09T14:04:11.416Z" },
    { url = "https://files.pythonhosted.org/packages/5e/46/a8d2f9dee84e12c6e9338a08ea79ccc5ccff6b93cd746208f7c1ec8fc9f3/sysv_ipc-1.2.0-cp310-cp310-musllinux_1_2_aarch64.whl", hash = "sha256:4da021188cb38fd4427650ad402cc4a53bf2915db655e07593414dd71fd98cb8", size = 69546, upload-time = "2026-01-09T14:04:13.05Z" },
    { url = "https://files.pythonhosted.org/packages/2e/d5/943285f3012d4d13565b16e8b5f6535fb22947b87f7364d14edad56cdfb8/sysv_ipc-1.2.0-cp310-cp310-musllinux_1_2_x86_64.whl", hash = "sha256:96ea95a1915965356a799ba60fc8b7093bf08c3b96637f324ce829b042a763b1", size = 69715, upload-time = "2026-01-09T14:04:13.869Z" },
    { url = "https://files.pythonhosted.org/packages/69/bb/fc8598eae00697586a4a60684e61f402ee1ed189bbacf137ac87ba661655/sysv_ipc-1.2.0-cp311-cp311-manylinux2014_aarch64.manylinux_2_17_aarch64.manylinux_2_28_aarch64.whl", hash = "sha256:d2137e9711b672d04285a544703a323a6b9cde77e113041b1b142e89aa7e1455", size = 73502, upload-time = "2026-01-09T14:04:17.456Z" },
    { url = "https://files.pythonhosted.org/packages/4b/39/f0934017b66ba178d7cb6e830ef122c8fe908c1178b70485c0a4b6f12baa/sysv_ipc-1.2.0-cp311-cp311-manylinux2014_x86_64.manylinux_2_17_x86_64.manylinux_2_28_x86_64.whl", hash = "sha256:6128b3f6bc3e5e4027e80d58e8d34e6c2c027453bf3a831c72f5e6e3a786bd0b", size = 74424, upload-time = "2026-01-09T14:04:18.685Z" },
    { url = "https://files.pythonhosted.org/packages/42/92/50341228685ddd2b7dc7416f91c7dbba9841c4d40fe6779543e063d08970/sysv_ipc-1.2.0-cp311-cp311-musllinux_1_2_aarch64.whl", hash = "sha256:ea90985a7763c1788e72f4b8b75e64e87d215274534933f03e6afdb3079a66d9", size = 71763, upload-time = "2026-01-09T14:04:19.506Z" },
    { url = "https://files.pythonhosted.org/packages/22/df/a7a32863e8fc96e673d2a6beb68b862e5c9e0927b13d55973b18cdcedde6/sysv_ipc-1.2.0-cp311-cp311-musllinux_1_2_x86_64.whl", hash = "sha256:ada5b425f6f8b98784882b8406bbbdb7f3e2d6613b57c7ceaa97f9dc402c9640", size = 71940, upload-time = "2026-01-09T14:04:20.53Z" },
    { url = "https://files.pythonhosted.org/packages/e7/98/b35eba27297a886931d69352c171cfd53ea9b4a9097d282f80556046bc39/sysv_ipc-1.2.0-cp312-cp312-manylinux2014_aarch64.manylinux_2_17_aarch64.manylinux_2_28_aarch64.whl", hash = "sha256:eb8cea6b912b467083941032f4b38269d86d1ec8f2dec0ca39694fedf6fd9acd", size = 72257, upload-time = "2026-01-09T14:04:23.289Z" },
    { url = "https://files.pythonhosted.org/packages/5d/6f/906724d4ca94cc5c0a6c419ed0ec2a0b64b41de6771590ebf9db59cc97db/sysv_ipc-1.2.0-cp312-cp312-manylinux2014_x86_64.manylinux_2_17_x86_64.manylinux_2_28_x86_64.whl", hash = "sha256:48865de17c9354a6c7740c47dc4d13f409afe43e4fc350b56df3ca5c10c1462d", size = 73309, upload-time = "2026-01-09T14:04:24.421Z" },
    { url = "https://files.pythonhosted.org/packages/ea/3a/818d7634f31484e35ffee1b018287a0007e24a98709d06ecc544e7c7cba8/sysv_ipc-1.2.0-cp312-cp312-musllinux_1_2_aarch64.whl", hash = "sha256:f69c30545a3280b4b7f2057fd3aedb7044e45894314752241802e697a00b5413", size = 70955, upload-time = "2026-01-09T14:04:25.172Z" },
    { url = "https://files.pythonhosted.org/packages/1b/80/e3881c84573206563191d8c13711382dc22bf54a7ae4d09d099271cf3703/sysv_ipc-1.2.0-cp312-cp312-musllinux_1_2_x86_64.whl", hash = "sha256:a000180848b59508bd862215998ee70c4cd4cd3081b0b066068e9287645cda35", size = 71223, upload-time = "2026-01-09T14:04:26.061Z" },
    { url = "https://files.pythonhosted.org/packages/a2/2d/2e4f55201cca54666c08468538348be4af16a52c7296bdd038a303e7be9f/sysv_ipc-1.2.0-cp313-cp313-manylinux2014_aarch64.manylinux_2_17_aarch64.manylinux_2_28_aarch64.whl", hash = "sha256:977f0e313c2e663000f0c316682ea2c3f6d2f86bbbdb1bcd274fea244a211df0", size = 72727, upload-time = "2026-01-09T14:04:28.317Z" },
    { url = "https://files.pythonhosted.org/packages/d0/6a/e04914984503317dd2481d6ff5fa9ab85e70960b79514309b0bcb0ef08d8/sysv_ipc-1.2.0-cp313-cp313-manylinux2014_x86_64.manylinux_2_17_x86_64.manylinux_2_28_x86_64.whl", hash = "sha256:f0b40e147277a954c41f94207dfab402bfa8371198c191b826d833b40c5e83e9", size = 73643, upload-time = "2026-01-09T14:04:29.234Z" },
    { url = "https://files.pythonhosted.org/packages/54/46/6f9aacbbf4c71ddce08f645bd67fa4223573a3191fd938acc926ca2b94c4/sysv_ipc-1.2.0-cp313-cp313-musllinux_1_2_aarch64.whl", hash = "sha256:83ff789f67477dc09424f674e1eb9195d8edd9b4044c3d5833d1a252d49034fc", size = 71319, upload-time = "2026-01-09T14:04:30.059Z" },
    { url = "https://files.pythonhosted.org/packages/34/21/0127cb9ecbc281c5b5a79d4be7a61e2d35442f72baaa1594e089dbe9206a/sysv_ipc-1.2.0-cp313-cp313-musllinux_1_2_x86_64.whl", hash = "sha256:fc541299c3af8351abff804e287a0c203338c140f70ee70855f46a1710cc0ff7", size = 71575, upload-time = "2026-01-09T14:04:32.011Z" },
    { url = "https://files.pythonhosted.org/packages/e4/a5/1d0f4a95ba040987266af995eb973f2d469fa61452cc925a8ff95401927f/sysv_ipc-1.2.0-cp314-cp314-manylinux2014_aarch64.manylinux_2_17_aarch64.manylinux_2_28_aarch64.whl", hash = "sha256:7dcdda15a2ead282545d007bd4fb5bfff844d2ac2b2f4a2b52ddcb2a38953968", size = 73168, upload-time = "2026-01-09T14:04:35.49Z" },
    { url = "https://files.pythonhosted.org/packages/8e/7a/25d2a8a7bde7165a0260d06e83a57ecfe8668802f31ffea47620cfcb56eb/sysv_ipc-1.2.0-cp314-cp314-manylinux2014_x86_64.manylinux_2_17_x86_64.manylinux_2_28_x86_64.whl", hash = "sha256:9c5bf97ac00370159973c17a29224ae6f277757cee704abd61be1ce5bfaf78b0", size = 74039, upload-time = "2026-01-09T14:04:36.709Z" },
    { url = "https://files.pythonhosted.org/packages/8f/77/2be88d40d24a780f56ca74ff01802f8cb548a1def4c50da7094720fcd41c/sysv_ipc-1.2.0-cp314-cp314-musllinux_1_2_aarch64.whl", hash = "sha256:201e18f6f32bd6542e0886668699c16ddcdcc37105b2643c2c50a044f22e437f", size = 72237, upload-time = "2026-01-09T14:04:37.729Z" },
    { url = "https://files.pythonhosted.org/packages/2f/04/b7657691f0274bd22fb66fc772e567c78dffb96f6943cbb16352e20b55a1/sysv_ipc-1.2.0-cp314-cp314-musllinux_1_2_x86_64.whl", hash = "sha256:4daecc8fae2a6335ed56095d19a3bda96e551ea78781cd53abda94cfe37b6cfe", size = 72400, upload-time = "2026-01-09T14:04:38.55Z" },
    { url = "https://files.pythonhosted.org/packages/cc/61/ff85f043f507d4d9d5a84411dfd18f8f896dc3f77d29f5f4f6ee1d48ec9c/sysv_ipc-1.2.0-cp314-cp314t-manylinux2014_aarch64.manylinux_2_17_aarch64.manylinux_2_28_aarch64.whl", hash = "sha256:17f8b31c09ed94d0fa95d64720426344e2ae5a06691a8f076ef3909145877958", size = 76984, upload-time = "2026-01-09T14:04:41.32Z" },
    { url = "https://files.pythonhosted.org/packages/ff/39/02d900a035c674c6e4edb263ea0061c0fa8389ad9a2270150dc2a1fee476/sysv_ipc-1.2.0-cp314-cp314t-manylinux2014_x86_64.manylinux_2_17_x86_64.manylinux_2_28_x86_64.whl", hash = "sha256:acd083316d0c5b2e7fb5b7a5db6ad8fb2400ea4ca3d1813692acd93656a51f79", size = 77179, upload-time = "2026-01-09T14:04:42.65Z" },
    { url = "https://files.pythonhosted.org/packages/46/5a/d269d9aca6f2eda908c58a244488bcca751004c8f954742fd8aadf2e0a6d/sysv_ipc-1.2.0-cp314-cp314t-musllinux_1_2_aarch64.whl", hash = "sha256:3eb7b8f8b577ec0fbde890f86c6f9dc365f3012b02e4e275a350427621df80ad", size = 75959, upload-time = "2026-01-09T14:04:43.569Z" },
    { url = "https://files.pythonhosted.org/packages/8d/13/a49595e0056dc607e7530b946c7b62f11ec514822c40d54d94287e534e9d/sysv_ipc-1.2.0-cp314-cp314t-musllinux_1_2_x86_64.whl", hash = "sha256:a65e64577082b109d49bd68db8facb6f3a08ddbbde4b76c87b1246490922ef2a", size = 75679, upload-time = "2026-01-09T14:04:44.4Z" },
    { url = "https://files.pythonhosted.org/packages/82/89/6ab21a4568e65630385a715a8c8f9019e1a21cf1d57ba3e7358c62d14d63/sysv_ipc-1.2.0-pp311-pypy311_pp73-manylinux2014_aarch64.manylinux_2_17_aarch64.manylinux_2_28_aarch64.whl", hash = "sha256:966f685dd9dc5c5862edada5fc8de70dc5f5659a89c0698366431a81931179a9", size = 25207, upload-time = "2026-01-09T14:05:00.635Z" },
    { url = "https://files.pythonhosted.org/packages/f3/df/a6f6a945a69ad796c7de91e489aeecb6a9b6d3437f8c927f3ad3194d9cc5/sysv_ipc-1.2.0-pp311-pypy311_pp73-manylinux2014_x86_64.manylinux_2_17_x86_64.manylinux_2_28_x86_64.whl", hash = "sha256:ae2d070b842bb4558aeb6aec7249ec7f08d00d8252e37da24cccab8057efeb29", size = 25011, upload-time = "2026-01-09T14:05:01.459Z" },
]

[[package]]
name = "toml"
version = "0.10.2"
source = { registry = "https://pypi.org/simple" }
sdist = { url = "https://files.pythonhosted.org/packages/be/ba/1f744cdc819428fc6b5084ec34d9b30660f6f9daaf70eead706e3203ec3c/toml-0.10.2.tar.gz", hash = "sha256:b3bda1d108d5dd99f4a20d24d9c348e91c4db7ab1b749200bded2f839ccbe68f", size = 22253, upload-time = "2020-11-01T01:40:22.204Z" }
wheels = [
    { url = "https://files.pythonhosted.org/packages/44/6f/7120676b6d73228c96e17f1f794d8ab046fc910d781c8d151120c3f1569e/toml-0.10.2-py2.py3-none-any.whl", hash = "sha256:806143ae5bfb6a3c6e736a764057db0e6a0e05e338b5630894a5f779cabb4f9b", size = 16588, upload-time = "2020-11-01T01:40:20.672Z" },
]

[[package]]
name = "tomli"
version = "2.4.1"
source = { registry = "https://pypi.org/simple" }
sdist = { url = "https://files.pythonhosted.org/packages/22/de/48c59722572767841493b26183a0d1cc411d54fd759c5607c4590b6563a6/tomli-2.4.1.tar.gz", hash = "sha256:7c7e1a961a0b2f2472c1ac5b69affa0ae1132c39adcb67aba98568702b9cc23f", size = 17543, upload-time = "2026-03-25T20:22:03.828Z" }
wheels = [
    { url = "https://files.pythonhosted.org/packages/f4/11/db3d5885d8528263d8adc260bb2d28ebf1270b96e98f0e0268d32b8d9900/tomli-2.4.1-cp311-cp311-macosx_10_9_x86_64.whl", hash = "sha256:f8f0fc26ec2cc2b965b7a3b87cd19c5c6b8c5e5f436b984e85f486d652285c30", size = 154704, upload-time = "2026-03-25T20:21:10.473Z" },
    { url = "https://files.pythonhosted.org/packages/6d/f7/675db52c7e46064a9aa928885a9b20f4124ecb9bc2e1ce74c9106648d202/tomli-2.4.1-cp311-cp311-macosx_11_0_arm64.whl", hash = "sha256:4ab97e64ccda8756376892c53a72bd1f964e519c77236368527f758fbc36a53a", size = 149454, upload-time = "2026-03-25T20:21:12.036Z" },
    { url = "https://files.pythonhosted.org/packages/61/71/81c50943cf953efa35bce7646caab3cf457a7d8c030b27cfb40d7235f9ee/tomli-2.4.1-cp311-cp311-manylinux2014_aarch64.manylinux_2_17_aarch64.manylinux_2_28_aarch64.whl", hash = "sha256:96481a5786729fd470164b47cdb3e0e58062a496f455ee41b4403be77cb5a076", size = 237561, upload-time = "2026-03-25T20:21:13.098Z" },
    { url = "https://files.pythonhosted.org/packages/48/c1/f41d9cb618acccca7df82aaf682f9b49013c9397212cb9f53219e3abac37/tomli-2.4.1-cp311-cp311-manylinux2014_x86_64.manylinux_2_17_x86_64.manylinux_2_28_x86_64.whl", hash = "sha256:5a881ab208c0baf688221f8cecc5401bd291d67e38a1ac884d6736cbcd8247e9", size = 243824, upload-time = "2026-03-25T20:21:14.569Z" },
    { url = "https://files.pythonhosted.org/packages/22/e4/5a816ecdd1f8ca51fb756ef684b90f2780afc52fc67f987e3c61d800a46d/tomli-2.4.1-cp311-cp311-musllinux_1_2_aarch64.whl", hash = "sha256:47149d5bd38761ac8be13a84864bf0b7b70bc051806bc3669ab1cbc56216b23c", size = 242227, upload-time = "2026-03-25T20:21:15.712Z" },
    { url = "https://files.pythonhosted.org/packages/6b/49/2b2a0ef529aa6eec245d25f0c703e020a73955ad7edf73e7f54ddc608aa5/tomli-2.4.1-cp311-cp311-musllinux_1_2_x86_64.whl", hash = "sha256:ec9bfaf3ad2df51ace80688143a6a4ebc09a248f6ff781a9945e51937008fcbc", size = 247859, upload-time = "2026-03-25T20:21:17.001Z" },
    { url = "https://files.pythonhosted.org/packages/83/bd/6c1a630eaca337e1e78c5903104f831bda934c426f9231429396ce3c3467/tomli-2.4.1-cp311-cp311-win32.whl", hash = "sha256:ff2983983d34813c1aeb0fa89091e76c3a22889ee83ab27c5eeb45100560c049", size = 97204, upload-time = "2026-03-25T20:21:18.079Z" },
    { url = "https://files.pythonhosted.org/packages/42/59/71461df1a885647e10b6bb7802d0b8e66480c61f3f43079e0dcd315b3954/tomli-2.4.1-cp311-cp311-win_amd64.whl", hash = "sha256:5ee18d9ebdb417e384b58fe414e8d6af9f4e7a0ae761519fb50f721de398dd4e", size = 108084, upload-time = "2026-03-25T20:21:18.978Z" },
    { url = "https://files.pythonhosted.org/packages/b8/83/dceca96142499c069475b790e7913b1044c1a4337e700751f48ed723f883/tomli-2.4.1-cp311-cp311-win_arm64.whl", hash = "sha256:c2541745709bad0264b7d4705ad453b76ccd191e64aa6f0fc66b69a293a45ece", size = 95285, upload-time = "2026-03-25T20:21:20.309Z" },
    { url = "https://files.pythonhosted.org/packages/c1/ba/42f134a3fe2b370f555f44b1d72feebb94debcab01676bf918d0cb70e9aa/tomli-2.4.1-cp312-cp312-macosx_10_13_x86_64.whl", hash = "sha256:c742f741d58a28940ce01d58f0ab2ea3ced8b12402f162f4d534dfe18ba1cd6a", size = 155924, upload-time = "2026-03-25T20:21:21.626Z" },
    { url = "https://files.pythonhosted.org/packages/dc/c7/62d7a17c26487ade21c5422b646110f2162f1fcc95980ef7f63e73c68f14/tomli-2.4.1-cp312-cp312-macosx_11_0_arm64.whl", hash = "sha256:7f86fd587c4ed9dd76f318225e7d9b29cfc5a9d43de44e5754db8d1128487085", size = 150018, upload-time = "2026-03-25T20:21:23.002Z" },
    { url = "https://files.pythonhosted.org/packages/5c/05/79d13d7c15f13bdef410bdd49a6485b1c37d28968314eabee452c22a7fda/tomli-2.4.1-cp312-cp312-manylinux2014_aarch64.manylinux_2_17_aarch64.manylinux_2_28_aarch64.whl", hash = "sha256:ff18e6a727ee0ab0388507b89d1bc6a22b138d1e2fa56d1ad494586d61d2eae9", size = 244948, upload-time = "2026-03-25T20:21:24.04Z" },
    { url = "https://files.pythonhosted.org/packages/10/90/d62ce007a1c80d0b2c93e02cab211224756240884751b94ca72df8a875ca/tomli-2.4.1-cp312-cp312-manylinux2014_x86_64.manylinux_2_17_x86_64.manylinux_2_28_x86_64.whl", hash = "sha256:136443dbd7e1dee43c68ac2694fde36b2849865fa258d39bf822c10e8068eac5", size = 253341, upload-time = "2026-03-25T20:21:25.177Z" },
    { url = "https://files.pythonhosted.org/packages/1a/7e/caf6496d60152ad4ed09282c1885cca4eea150bfd007da84aea07bcc0a3e/tomli-2.4.1-cp312-cp312-musllinux_1_2_aarch64.whl", hash = "sha256:5e262d41726bc187e69af7825504c933b6794dc3fbd5945e41a79bb14c31f585", size = 248159, upload-time = "2026-03-25T20:21:26.364Z" },
    { url = "https://files.pythonhosted.org/packages/99/e7/c6f69c3120de34bbd882c6fba7975f3d7a746e9218e56ab46a1bc4b42552/tomli-2.4.1-cp312-cp312-musllinux_1_2_x86_64.whl", hash = "sha256:5cb41aa38891e073ee49d55fbc7839cfdb2bc0e600add13874d048c94aadddd1", size = 253290, upload-time = "2026-03-25T20:21:27.46Z" },
    { url = "https://files.pythonhosted.org/packages/d6/2f/4a3c322f22c5c66c4b836ec58211641a4067364f5dcdd7b974b4c5da300c/tomli-2.4.1-cp312-cp312-win32.whl", hash = "sha256:da25dc3563bff5965356133435b757a795a17b17d01dbc0f42fb32447ddfd917", size = 98141, upload-time = "2026-03-25T20:21:28.492Z" },
    { url = "https://files.pythonhosted.org/packages/24/22/4daacd05391b92c55759d55eaee21e1dfaea86ce5c571f10083360adf534/tomli-2.4.1-cp312-cp312-win_amd64.whl", hash = "sha256:52c8ef851d9a240f11a88c003eacb03c31fc1c9c4ec64a99a0f922b93874fda9", size = 108847, upload-time = "2026-03-25T20:21:29.386Z" },
    { url = "https://files.pythonhosted.org/packages/68/fd/70e768887666ddd9e9f5d85129e84910f2db2796f9096aa02b721a53098d/tomli-2.4.1-cp312-cp312-win_arm64.whl", hash = "sha256:f758f1b9299d059cc3f6546ae2af89670cb1c4d48ea29c3cacc4fe7de3058257", size = 95088, upload-time = "2026-03-25T20:21:30.677Z" },
    { url = "https://files.pythonhosted.org/packages/07/06/b823a7e818c756d9a7123ba2cda7d07bc2dd32835648d1a7b7b7a05d848d/tomli-2.4.1-cp313-cp313-macosx_10_13_x86_64.whl", hash = "sha256:36d2bd2ad5fb9eaddba5226aa02c8ec3fa4f192631e347b3ed28186d43be6b54", size = 155866, upload-time = "2026-03-25T20:21:31.65Z" },
    { url = "https://files.pythonhosted.org/packages/14/6f/12645cf7f08e1a20c7eb8c297c6f11d31c1b50f316a7e7e1e1de6e2e7b7e/tomli-2.4.1-cp313-cp313-macosx_11_0_arm64.whl", hash = "sha256:eb0dc4e38e6a1fd579e5d50369aa2e10acfc9cace504579b2faabb478e76941a", size = 149887, upload-time = "2026-03-25T20:21:33.028Z" },
    { url = "https://files.pythonhosted.org/packages/5c/e0/90637574e5e7212c09099c67ad349b04ec4d6020324539297b634a0192b0/tomli-2.4.1-cp313-cp313-manylinux2014_aarch64.manylinux_2_17_aarch64.manylinux_2_28_aarch64.whl", hash = "sha256:c7f2c7f2b9ca6bdeef8f0fa897f8e05085923eb091721675170254cbc5b02897", size = 243704, upload-time = "2026-03-25T20:21:34.51Z" },
    { url = "https://files.pythonhosted.org/packages/10/8f/d3ddb16c5a4befdf31a23307f72828686ab2096f068eaf56631e136c1fdd/tomli-2.4.1-cp313-cp313-manylinux2014_x86_64.manylinux_2_17_x86_64.manylinux_2_28_x86_64.whl", hash = "sha256:f3c6818a1a86dd6dca7ddcaaf76947d5ba31aecc28cb1b67009a5877c9a64f3f", size = 251628, upload-time = "2026-03-25T20:21:36.012Z" },
    { url = "https://files.pythonhosted.org/packages/e3/f1/dbeeb9116715abee2485bf0a12d07a8f31af94d71608c171c45f64c0469d/tomli-2.4.1-cp313-cp313-musllinux_1_2_aarch64.whl", hash = "sha256:d312ef37c91508b0ab2cee7da26ec0b3ed2f03ce12bd87a588d771ae15dcf82d", size = 247180, upload-time = "2026-03-25T20:21:37.136Z" },
    { url = "https://files.pythonhosted.org/packages/d3/74/16336ffd19ed4da28a70959f92f506233bd7cfc2332b20bdb01591e8b1d1/tomli-2.4.1-cp313-cp313-musllinux_1_2_x86_64.whl", hash = "sha256:51529d40e3ca50046d7606fa99ce3956a617f9b36380da3b7f0dd3dd28e68cb5", size = 251674, upload-time = "2026-03-25T20:21:38.298Z" },
    { url = "https://files.pythonhosted.org/packages/16/f9/229fa3434c590ddf6c0aa9af64d3af4b752540686cace29e6281e3458469/tomli-2.4.1-cp313-cp313-win32.whl", hash = "sha256:2190f2e9dd7508d2a90ded5ed369255980a1bcdd58e52f7fe24b8162bf9fedbd", size = 97976, upload-time = "2026-03-25T20:21:39.316Z" },
    { url = "https://files.pythonhosted.org/packages/6a/1e/71dfd96bcc1c775420cb8befe7a9d35f2e5b1309798f009dca17b7708c1e/tomli-2.4.1-cp313-cp313-win_amd64.whl", hash = "sha256:8d65a2fbf9d2f8352685bc1364177ee3923d6baf5e7f43ea4959d7d8bc326a36", size = 108755, upload-time = "2026-03-25T20:21:40.248Z" },
    { url = "https://files.pythonhosted.org/packages/83/7a/d34f422a021d62420b78f5c538e5b102f62bea616d1d75a13f0a88acb04a/tomli-2.4.1-cp313-cp313-win_arm64.whl", hash = "sha256:4b605484e43cdc43f0954ddae319fb75f04cc10dd80d830540060ee7cd0243cd", size = 95265, upload-time = "2026-03-25T20:21:41.219Z" },
    { url = "https://files.pythonhosted.org/packages/3c/fb/9a5c8d27dbab540869f7c1f8eb0abb3244189ce780ba9cd73f3770662072/tomli-2.4.1-cp314-cp314-macosx_10_15_x86_64.whl", hash = "sha256:fd0409a3653af6c147209d267a0e4243f0ae46b011aa978b1080359fddc9b6cf", size = 155726, upload-time = "2026-03-25T20:21:42.23Z" },
    { url = "https://files.pythonhosted.org/packages/62/05/d2f816630cc771ad836af54f5001f47a6f611d2d39535364f148b6a92d6b/tomli-2.4.1-cp314-cp314-macosx_11_0_arm64.whl", hash = "sha256:a120733b01c45e9a0c34aeef92bf0cf1d56cfe81ed9d47d562f9ed591a9828ac", size = 149859, upload-time = "2026-03-25T20:21:43.386Z" },
    { url = "https://files.pythonhosted.org/packages/ce/48/66341bdb858ad9bd0ceab5a86f90eddab127cf8b046418009f2125630ecb/tomli-2.4.1-cp314-cp314-manylinux2014_aarch64.manylinux_2_17_aarch64.manylinux_2_28_aarch64.whl", hash = "sha256:559db847dc486944896521f68d8190be1c9e719fced785720d2216fe7022b662", size = 244713, upload-time = "2026-03-25T20:21:44.474Z" },
    { url = "https://files.pythonhosted.org/packages/df/6d/c5fad00d82b3c7a3ab6189bd4b10e60466f22cfe8a08a9394185c8a8111c/tomli-2.4.1-cp314-cp314-manylinux2014_x86_64.manylinux_2_17_x86_64.manylinux_2_28_x86_64.whl", hash = "sha256:01f520d4f53ef97964a240a035ec2a869fe1a37dde002b57ebc4417a27ccd853", size = 252084, upload-time = "2026-03-25T20:21:45.62Z" },
    { url = "https://files.pythonhosted.org/packages/00/71/3a69e86f3eafe8c7a59d008d245888051005bd657760e96d5fbfb0b740c2/tomli-2.4.1-cp314-cp314-musllinux_1_2_aarch64.whl", hash = "sha256:7f94b27a62cfad8496c8d2513e1a222dd446f095fca8987fceef261225538a15", size = 247973, upload-time = "2026-03-25T20:21:46.937Z" },
    { url = "https://files.pythonhosted.org/packages/67/50/361e986652847fec4bd5e4a0208752fbe64689c603c7ae5ea7cb16b1c0ca/tomli-2.4.1-cp314-cp314-musllinux_1_2_x86_64.whl", hash = "sha256:ede3e6487c5ef5d28634ba3f31f989030ad6af71edfb0055cbbd14189ff240ba", size = 256223, upload-time = "2026-03-25T20:21:48.467Z" },
    { url = "https://files.pythonhosted.org/packages/8c/9a/b4173689a9203472e5467217e0154b00e260621caa227b6fa01feab16998/tomli-2.4.1-cp314-cp314-win32.whl", hash = "sha256:3d48a93ee1c9b79c04bb38772ee1b64dcf18ff43085896ea460ca8dec96f35f6", size = 98973, upload-time = "2026-03-25T20:21:49.526Z" },
    { url = "https://files.pythonhosted.org/packages/14/58/640ac93bf230cd27d002462c9af0d837779f8773bc03dee06b5835208214/tomli-2.4.1-cp314-cp314-win_amd64.whl", hash = "sha256:88dceee75c2c63af144e456745e10101eb67361050196b0b6af5d717254dddf7", size = 109082, upload-time = "2026-03-25T20:21:50.506Z" },
    { url = "https://files.pythonhosted.org/packages/d5/2f/702d5e05b227401c1068f0d386d79a589bb12bf64c3d2c72ce0631e3bc49/tomli-2.4.1-cp314-cp314-win_arm64.whl", hash = "sha256:b8c198f8c1805dc42708689ed6864951fd2494f924149d3e4bce7710f8eb5232", size = 96490, upload-time = "2026-03-25T20:21:51.474Z" },
    { url = "https://files.pythonhosted.org/packages/45/4b/b877b05c8ba62927d9865dd980e34a755de541eb65fffba52b4cc495d4d2/tomli-2.4.1-cp314-cp314t-macosx_10_15_x86_64.whl", hash = "sha256:d4d8fe59808a54658fcc0160ecfb1b30f9089906c50b23bcb4c69eddc19ec2b4", size = 164263, upload-time = "2026-03-25T20:21:52.543Z" },
    { url = "https://files.pythonhosted.org/packages/24/79/6ab420d37a270b89f7195dec5448f79400d9e9c1826df982f3f8e97b24fd/tomli-2.4.1-cp314-cp314t-macosx_11_0_arm64.whl", hash = "sha256:7008df2e7655c495dd12d2a4ad038ff878d4ca4b81fccaf82b714e07eae4402c", size = 160736, upload-time = "2026-03-25T20:21:53.674Z" },
    { url = "https://files.pythonhosted.org/packages/02/e0/3630057d8eb170310785723ed5adcdfb7d50cb7e6455f85ba8a3deed642b/tomli-2.4.1-cp314-cp314t-manylinux2014_aarch64.manylinux_2_17_aarch64.manylinux_2_28_aarch64.whl", hash = "sha256:1d8591993e228b0c930c4bb0db464bdad97b3289fb981255d6c9a41aedc84b2d", size = 270717, upload-time = "2026-03-25T20:21:55.129Z" },
    { url = "https://files.pythonhosted.org/packages/7a/b4/1613716072e544d1a7891f548d8f9ec6ce2faf42ca65acae01d76ea06bb0/tomli-2.4.1-cp314-cp314t-manylinux2014_x86_64.manylinux_2_17_x86_64.manylinux_2_28_x86_64.whl", hash = "sha256:734e20b57ba95624ecf1841e72b53f6e186355e216e5412de414e3c51e5e3c41", size = 278461, upload-time = "2026-03-25T20:21:56.228Z" },
    { url = "https://files.pythonhosted.org/packages/05/38/30f541baf6a3f6df77b3df16b01ba319221389e2da59427e221ef417ac0c/tomli-2.4.1-cp314-cp314t-musllinux_1_2_aarch64.whl", hash = "sha256:8a650c2dbafa08d42e51ba0b62740dae4ecb9338eefa093aa5c78ceb546fcd5c", size = 274855, upload-time = "2026-03-25T20:21:57.653Z" },
    { url = "https://files.pythonhosted.org/packages/77/a3/ec9dd4fd2c38e98de34223b995a3b34813e6bdadf86c75314c928350ed14/tomli-2.4.1-cp314-cp314t-musllinux_1_2_x86_64.whl", hash = "sha256:504aa796fe0569bb43171066009ead363de03675276d2d121ac1a4572397870f", size = 283144, upload-time = "2026-03-25T20:21:59.089Z" },
    { url = "https://files.pythonhosted.org/packages/ef/be/605a6261cac79fba2ec0c9827e986e00323a1945700969b8ee0b30d85453/tomli-2.4.1-cp314-cp314t-win32.whl", hash = "sha256:b1d22e6e9387bf4739fbe23bfa80e93f6b0373a7f1b96c6227c32bef95a4d7a8", size = 108683, upload-time = "2026-03-25T20:22:00.214Z" },
    { url = "https://files.pythonhosted.org/packages/12/64/da524626d3b9cc40c168a13da8335fe1c51be12c0a63685cc6db7308daae/tomli-2.4.1-cp314-cp314t-win_amd64.whl", hash = "sha256:2c1c351919aca02858f740c6d33adea0c5deea37f9ecca1cc1ef9e884a619d26", size = 121196, upload-time = "2026-03-25T20:22:01.169Z" },
    { url = "https://files.pythonhosted.org/packages/5a/cd/e80b62269fc78fc36c9af5a6b89c835baa8af28ff5ad28c7028d60860320/tomli-2.4.1-cp314-cp314t-win_arm64.whl", hash = "sha256:eab21f45c7f66c13f2a9e0e1535309cee140182a9cdae1e041d02e47291e8396", size = 100393, upload-time = "2026-03-25T20:22:02.137Z" },
    { url = "https://files.pythonhosted.org/packages/7b/61/cceae43728b7de99d9b847560c262873a1f6c98202171fd5ed62640b494b/tomli-2.4.1-py3-none-any.whl", hash = "sha256:0d85819802132122da43cb86656f8d1f8c6587d54ae7dcaf30e90533028b49fe", size = 14583, upload-time = "2026-03-25T20:22:03.012Z" },
]

[[package]]
name = "turret-pi"
version = "0.1.0"
source = { editable = "." }

[package.optional-dependencies]
hardware = [
    { name = "adafruit-circuitpython-servokit" },
]

[package.dev-dependencies]
dev = [
    { name = "pytest" },
]

[package.metadata]
requires-dist = [{ name = "adafruit-circuitpython-servokit", marker = "extra == 'hardware'" }]
provides-extras = ["hardware"]

[package.metadata.requires-dev]
dev = [{ name = "pytest", specifier = ">=9.1.1" }]

[[package]]
name = "typing-extensions"
version = "4.16.0"
source = { registry = "https://pypi.org/simple" }
sdist = { url = "https://files.pythonhosted.org/packages/f6/cc/6253133b5bb138fc3306cebfbda2c520f545d36b5be2c7255cc528bb45d6/typing_extensions-4.16.0.tar.gz", hash = "sha256:dc983d19a509c94dba722ee6abd33940f7c05a89e243c47e907eb4db6f1a43e5", size = 113555, upload-time = "2026-07-02T08:40:05.92Z" }
wheels = [
    { url = "https://files.pythonhosted.org/packages/49/d3/b8441a820a491ddfc024b0b0cf0393375b75ea13866d9c66727e54c2fc80/typing_extensions-4.16.0-py3-none-any.whl", hash = "sha256:481caa481374e813c1b176ada14e97f1f67a4539ce9cfeb3f350d78d6370c2e8", size = 45571, upload-time = "2026-07-02T08:40:04.659Z" },
]
